
Microsoft Visual Studio Solution File, Format Version 12.00
# Visual Studio Version 16
VisualStudioVersion = 16.0.30717.126
MinimumVisualStudioVersion = 10.0.40219.1
Project("{FAE04EC0-301F-11D3-BF4B-00C04F79EFBC}") = "Aula.Lib", "Aula.lib\Aula.Lib.csproj", "{29B3C1DD-7BE4-4042-B79B-DFE79FAF8CA8}"
EndProject
Project("{FAE04EC0-301F-11D3-BF4B-00C04F79EFBC}") = "Aula.UnitTest", "Aula.UnitTest\Aula.UnitTest.csproj", "{4A01975C-BCD8-46A4-8036-1696E67F5ED0}"
EndProject
Global
	GlobalSection(SolutionConfigurationPlatforms) = preSolution
		Debug|Any CPU = Debug|Any CPU
		Release|Any CPU = Release|Any CPU
	EndGlobalSection
	GlobalSection(ProjectConfigurationPlatforms) = postSolution
		{29B3C1DD-7BE4-4042-B79B-DFE79FAF8CA8}.Debug|Any CPU.ActiveCfg = Debug|Any CPU
		{29B3C1DD-7BE4-4042-B79B-DFE79FAF8CA8}.Debug|Any CPU.Build.0 = Debug|Any CPU
		{29B3C1DD-7BE4-4042-B79B-DFE79FAF8CA8}.Release|Any CPU.ActiveCfg = Release|Any CPU
		{29B3C1DD-7BE4-4042-B79B-DFE79FAF8CA8}.Release|Any CPU.Build.0 = Release|Any CPU
		{4A01975C-BCD8-46A4-8036-1696E67F5ED0}.Debug|Any CPU.ActiveCfg = Debug|Any CPU
		{4A01975C-BCD8-46A4-8036-1696E67F5ED0}.Debug|Any CPU.Build.0 = Debug|Any CPU
		{4A01975C-BCD8-46A4-8036-1696E67F5ED0}.Release|Any CPU.ActiveCfg = Release|Any CPU
		{4A01975C-BCD8-46A4-8036-1696E67F5ED0}.Release|Any CPU.Build.0 = Release|Any CPU
	EndGlobalSection
	GlobalSection(SolutionProperties) = preSolution
		HideSolutionNode = FALSE
	EndGlobalSection
	GlobalSection(ExtensibilityGlobals) = postSolution
		SolutionGuid = {C7FFC3E6-9EF7-4AE2-B2BB-8516E3559C76}
	EndGlobalSection
EndGlobal
